
Microsoft Visual Studio Solution File, Format Version 12.00
# Visual Studio Version 17
VisualStudioVersion = 17.5.33530.505
MinimumVisualStudioVersion = 10.0.40219.1
Project("{FAE04EC0-301F-11D3-BF4B-00C04F79EFBC}") = "ApiSoftFinance", "ApiSoftFinance.csproj", "{E2B71CE1-A1C6-4E1B-9643-99155FCAFD82}"
EndProject
Global
	GlobalSection(SolutionConfigurationPlatforms) = preSolution
		Debug|Any CPU = Debug|Any CPU
		Release|Any CPU = Release|Any CPU
	EndGlobalSection
	GlobalSection(ProjectConfigurationPlatforms) = postSolution
		{E2B71CE1-A1C6-4E1B-9643-99155FCAFD82}.Debug|Any CPU.ActiveCfg = Debug|Any CPU
		{E2B71CE1-A1C6-4E1B-9643-99155FCAFD82}.Debug|Any CPU.Build.0 = Debug|Any CPU
		{E2B71CE1-A1C6-4E1B-9643-99155FCAFD82}.Release|Any CPU.ActiveCfg = Release|Any CPU
		{E2B71CE1-A1C6-4E1B-9643-99155FCAFD82}.Release|Any CPU.Build.0 = Release|Any CPU
	EndGlobalSection
	GlobalSection(SolutionProperties) = preSolution
		HideSolutionNode = FALSE
	EndGlobalSection
	GlobalSection(ExtensibilityGlobals) = postSolution
		SolutionGuid = {2C8EE7A9-2D7C-4CC7-BEDB-29D8DB266352}
	EndGlobalSection
EndGlobal
